github.com/denolteholding/scholar v0.0.0-20201224232826-f420ade0b839 h1:o1+3TK3GshfJGwLBb22HA5fRrWP6g6c5KxnsyjerBTs=
github.com/denolteholding/scholar v0.0.0-20201224232826-f420ade0b839/go.mod h1:6h7OiOl18GCAj5Kuod12T8FI6Z9RO5c1PsZJeydpe1w=
github.com/denolteholding/scholar v0.0.0-20201226125022-3b06e438aa5d/go.mod h1:zmBSVehxycMNobZpMYrXEyPC+Cq/6cP+bWwJyLI64pw=
