github.com/denolteholding/scholar v0.0.0-20201226125022-3b06e438aa5d/go.mod h1:zmBSVehxycMNobZpMYrXEyPC+Cq/6cP+bWwJyLI64pw=
github.com/denolteholding/scholar v0.0.0-20210730200102-b7e12877a097 h1:0u+hHghmGYvTMyGrMq9og8de9VYXzZt1fJG2oCN2KSo=
github.com/denolteholding/scholar v0.0.0-20210730200102-b7e12877a097/go.mod h1:Oot3wviMF0t/bjMEa5J0sf7ScOKRm0mVq/iYTstZcIs=
github.com/denolteholding/scholar v0.0.0-20210730213621-bd7c8bdad642 h1:upAr9r0QiKp/8u8HDfZmsdREO3iG7Te8GC9lBCo/GQA=
github.com/denolteholding/scholar v0.0.0-20210730213621-bd7c8bdad642/go.mod h1:Oot3wviMF0t/bjMEa5J0sf7ScOKRm0mVq/iYTstZcIs=
